<?xml version="1.0" encoding="utf-8"?>
<Project ToolsVersion="4.0" xmlns="http://schemas.microsoft.com/developer/msbuild/2003">
  <ItemGroup>
    <Filter Include="ソース ファイル">
      <UniqueIdentifier>{4FC737F1-C7A5-4376-A066-2A32D752A2FF}</UniqueIdentifier>
      <Extensions>cpp;c;cc;cxx;c++;cppm;ixx;def;odl;idl;hpj;bat;asm;asmx</Extensions>
    </Filter>
    <Filter Include="ヘッダー ファイル">
      <UniqueIdentifier>{93995380-89BD-4b04-88EB-625FBE52EBFB}</UniqueIdentifier>
      <Extensions>h;hh;hpp;hxx;h++;hm;inl;inc;ipp;xsd</Extensions>
    </Filter>
    <Filter Include="リソース ファイル">
      <UniqueIdentifier>{67DA6AB6-F800-4c08-8B7A-83BB121AAD01}</UniqueIdentifier>
      <Extensions>rc;ico;cur;bmp;dlg;rc2;rct;bin;rgs;gif;jpg;jpeg;jpe;resx;tiff;tif;png;wav;mfcribbon-ms</Extensions>
    </Filter>
    <Filter Include="ソース ファイル\Game">
      <UniqueIdentifier>{eba9a23d-6d70-453b-a8ae-5fc135d8c152}</UniqueIdentifier>
    </Filter>
    <Filter Include="ソース ファイル\GameObject">
      <UniqueIdentifier>{1d3ea8f2-99d3-47d9-bd8f-a120c7fcf543}</UniqueIdentifier>
    </Filter>
    <Filter Include="ソース ファイル\GameObject\Batter">
      <UniqueIdentifier>{57c7ef52-aa4b-4d75-9b8d-6e56e2c9beeb}</UniqueIdentifier>
    </Filter>
    <Filter Include="ソース ファイル\GameObject\Pitcher">
      <UniqueIdentifier>{08786fc0-36c4-4d4e-b71d-e8b70bf2dc5e}</UniqueIdentifier>
    </Filter>
    <Filter Include="ソース ファイル\GameState">
      <UniqueIdentifier>{4247261b-742b-4686-b2dd-511068d5f29e}</UniqueIdentifier>
    </Filter>
    <Filter Include="ソース ファイル\GameState\TitleScreenState">
      <UniqueIdentifier>{adc51093-29e6-4d44-a1b3-b3d310d6bcad}</UniqueIdentifier>
    </Filter>
    <Filter Include="ソース ファイル\GameState\StageListState">
      <UniqueIdentifier>{7b7c8424-7de2-4145-9741-623a87c48b20}</UniqueIdentifier>
    </Filter>
    <Filter Include="ソース ファイル\GameState\StatusState">
      <UniqueIdentifier>{fa121dca-d6c5-4307-929e-3da37a9c3307}</UniqueIdentifier>
    </Filter>
    <Filter Include="ソース ファイル\PitchType">
      <UniqueIdentifier>{0e408bc6-8cd2-4bd6-9752-1979b7aa096c}</UniqueIdentifier>
    </Filter>
    <Filter Include="ソース ファイル\Stage">
      <UniqueIdentifier>{4ac46284-cdf5-4168-93f3-24e7f90f74ba}</UniqueIdentifier>
    </Filter>
    <Filter Include="ソース ファイル\util">
      <UniqueIdentifier>{bd0b4628-0ffe-4eb2-aec4-9805410f8399}</UniqueIdentifier>
    </Filter>
    <Filter Include="ソース ファイル\GameState\PlayResultState">
      <UniqueIdentifier>{cc2c2f9f-9230-4039-8511-6932b3f7b448}</UniqueIdentifier>
    </Filter>
    <Filter Include="ソース ファイル\GameState\PlayingState">
      <UniqueIdentifier>{4b4868cd-5b30-4bc2-9137-b88596b94e75}</UniqueIdentifier>
    </Filter>
  </ItemGroup>
  <ItemGroup>
    <Image Include="assets\batHitBox.bmp">
      <Filter>リソース ファイル</Filter>
    </Image>
    <Image Include="assets\kamayama.bmp">
      <Filter>リソース ファイル</Filter>
    </Image>
    <Image Include="assets\Stage1.bmp">
      <Filter>リソース ファイル</Filter>
    </Image>
    <Image Include="assets\Stage2.bmp">
      <Filter>リソース ファイル</Filter>
    </Image>
    <Image Include="assets\tintin選択.bmp">
      <Filter>リソース ファイル</Filter>
    </Image>
    <Image Include="assets\おわる.bmp">
      <Filter>リソース ファイル</Filter>
    </Image>
    <Image Include="assets\おわるpointed.bmp">
      <Filter>リソース ファイル</Filter>
    </Image>
    <Image Include="assets\ガチャ.bmp">
      <Filter>リソース ファイル</Filter>
    </Image>
    <Image Include="assets\ガチャpointed.bmp">
      <Filter>リソース ファイル</Filter>
    </Image>
    <Image Include="assets\クマの釜山.bmp">
      <Filter>リソース ファイル</Filter>
    </Image>
    <Image Include="assets\クリア.bmp">
      <Filter>リソース ファイル</Filter>
    </Image>
    <Image Include="assets\ゲーム終了.bmp">
      <Filter>リソース ファイル</Filter>
    </Image>
    <Image Include="assets\しっぱい.bmp">
      <Filter>リソース ファイル</Filter>
    </Image>
    <Image Include="assets\ステージセレクト.bmp">
      <Filter>リソース ファイル</Filter>
    </Image>
    <Image Include="assets\ステージ選択へ.bmp">
      <Filter>リソース ファイル</Filter>
    </Image>
    <Image Include="assets\ステータス.bmp">
      <Filter>リソース ファイル</Filter>
    </Image>
    <Image Include="assets\ステータスpointed.bmp">
      <Filter>リソース ファイル</Filter>
    </Image>
    <Image Include="assets\タイトルヘ.bmp">
      <Filter>リソース ファイル</Filter>
    </Image>
    <Image Include="assets\タイトル画面2.bmp">
      <Filter>リソース ファイル</Filter>
    </Image>
    <Image Include="assets\チート.bmp">
      <Filter>リソース ファイル</Filter>
    </Image>
    <Image Include="assets\はじめる.bmp">
      <Filter>リソース ファイル</Filter>
    </Image>
    <Image Include="assets\はじめるpointed.bmp">
      <Filter>リソース ファイル</Filter>
    </Image>
    <Image Include="assets\はちみつ.bmp">
      <Filter>リソース ファイル</Filter>
    </Image>
    <Image Include="assets\フィールド.bmp">
      <Filter>リソース ファイル</Filter>
    </Image>
    <Image Include="assets\フィールド00.bmp">
      <Filter>リソース ファイル</Filter>
    </Image>
    <Image Include="assets\フィールド01.bmp">
      <Filter>リソース ファイル</Filter>
    </Image>
    <Image Include="assets\フィールド02.bmp">
      <Filter>リソース ファイル</Filter>
    </Image>
    <Image Include="assets\フィールド10.bmp">
      <Filter>リソース ファイル</Filter>
    </Image>
    <Image Include="assets\フィールド-10.bmp">
      <Filter>リソース ファイル</Filter>
    </Image>
    <Image Include="assets\フィールド11.bmp">
      <Filter>リソース ファイル</Filter>
    </Image>
    <Image Include="assets\フィールド-11.bmp">
      <Filter>リソース ファイル</Filter>
    </Image>
    <Image Include="assets\フィールド12.bmp">
      <Filter>リソース ファイル</Filter>
    </Image>
    <Image Include="assets\フィールド-12.bmp">
      <Filter>リソース ファイル</Filter>
    </Image>
    <Image Include="assets\ボール.bmp">
      <Filter>リソース ファイル</Filter>
    </Image>
    <Image Include="assets\ボールの影.bmp">
      <Filter>リソース ファイル</Filter>
    </Image>
    <Image Include="assets\結果発表.bmp">
      <Filter>リソース ファイル</Filter>
    </Image>
    <Image Include="assets\結果発表2.bmp">
      <Filter>リソース ファイル</Filter>
    </Image>
    <Image Include="assets\佐々木朗希.bmp">
      <Filter>リソース ファイル</Filter>
    </Image>
    <Image Include="assets\次へ.bmp">
      <Filter>リソース ファイル</Filter>
    </Image>
    <Image Include="assets\草原背景.bmp">
      <Filter>リソース ファイル</Filter>
    </Image>
    <Image Include="assets\打者.bmp">
      <Filter>リソース ファイル</Filter>
    </Image>
    <Image Include="assets\投手.bmp">
      <Filter>リソース ファイル</Filter>
    </Image>
    <Image Include="assets\投手スプライトシート.bmp">
      <Filter>リソース ファイル</Filter>
    </Image>
    <Image Include="assets\アイコン.ico">
      <Filter>リソース ファイル</Filter>
    </Image>
    <Image Include="assets\システムアイコン.ico">
      <Filter>リソース ファイル</Filter>
    </Image>
    <Image Include="assets\釜山カットイン.bmp">
      <Filter>リソース ファイル</Filter>
    </Image>
    <Image Include="assets\絶対に負けない.bmp">
      <Filter>リソース ファイル</Filter>
    </Image>
    <Image Include="assets\アプリアイコン.ico">
      <Filter>リソース ファイル</Filter>
    </Image>
    <Image Include="assets\ステータスガメン.bmp">
      <Filter>リソース ファイル</Filter>
    </Image>
    <Image Include="assets\DOWN.bmp">
      <Filter>リソース ファイル</Filter>
    </Image>
    <Image Include="assets\tairoruhe.bmp">
      <Filter>リソース ファイル</Filter>
    </Image>
    <Image Include="assets\UP.bmp">
      <Filter>リソース ファイル</Filter>
    </Image>
    <Image Include="assets\変更.bmp">
      <Filter>リソース ファイル</Filter>
    </Image>
    <Image Include="assets\決定.bmp">
      <Filter>リソース ファイル</Filter>
    </Image>
    <Image Include="assets\Stage3.bmp">
      <Filter>リソース ファイル</Filter>
    </Image>
    <Image Include="assets\Stage4.bmp">
      <Filter>リソース ファイル</Filter>
    </Image>
    <Image Include="assets\Stage5.bmp">
      <Filter>リソース ファイル</Filter>
    </Image>
    <Image Include="assets\Stage6.bmp">
      <Filter>リソース ファイル</Filter>
    </Image>
    <Image Include="assets\Stage7.bmp">
      <Filter>リソース ファイル</Filter>
    </Image>
    <Image Include="assets\Stage8.bmp">
      <Filter>リソース ファイル</Filter>
    </Image>
  </ItemGroup>
  <ItemGroup>
    <None Include="assets\カーソル.cur">
      <Filter>リソース ファイル</Filter>
    </None>
  </ItemGroup>
  <ItemGroup>
    <Media Include="assets\bgm1.wav">
      <Filter>リソース ファイル</Filter>
    </Media>
    <Media Include="assets\ジャストミート.wav">
      <Filter>リソース ファイル</Filter>
    </Media>
    <Media Include="assets\baseballLegend.wav">
      <Filter>リソース ファイル</Filter>
    </Media>
    <Media Include="assets\100エーカー.wav">
      <Filter>リソース ファイル</Filter>
    </Media>
    <Media Include="assets\結果発表\Audio Export\結果発表.wav">
      <Filter>リソース ファイル</Filter>
    </Media>
  </ItemGroup>
  <ItemGroup>
    <ClCompile Include="src\main.cpp">
      <Filter>ソース ファイル</Filter>
    </ClCompile>
    <ClCompile Include="src\Game\Camera.cpp">
      <Filter>ソース ファイル\Game</Filter>
    </ClCompile>
    <ClCompile Include="src\Game\Game.cpp">
      <Filter>ソース ファイル\Game</Filter>
    </ClCompile>
    <ClCompile Include="src\Game\InputManager.cpp">
      <Filter>ソース ファイル\Game</Filter>
    </ClCompile>
    <ClCompile Include="src\Game\Window.cpp">
      <Filter>ソース ファイル\Game</Filter>
    </ClCompile>
    <ClCompile Include="src\GameObject\GameObject.cpp">
      <Filter>ソース ファイル\GameObject</Filter>
    </ClCompile>
    <ClCompile Include="src\GameObject\GameObjectManager.cpp">
      <Filter>ソース ファイル\GameObject</Filter>
    </ClCompile>
    <ClCompile Include="src\GameObject\HatimituMeterObject.cpp">
      <Filter>ソース ファイル\GameObject</Filter>
    </ClCompile>
    <ClCompile Include="src\GameObject\PictureObject.cpp">
      <Filter>ソース ファイル\GameObject</Filter>
    </ClCompile>
    <ClCompile Include="src\GameObject\TextObject.cpp">
      <Filter>ソース ファイル\GameObject</Filter>
    </ClCompile>
    <ClCompile Include="src\GameObject\ValueMeterObject.cpp">
      <Filter>ソース ファイル\GameObject</Filter>
    </ClCompile>
    <ClCompile Include="src\GameObject\TheHundredAcreWoodStadium.cpp">
      <Filter>ソース ファイル\GameObject</Filter>
    </ClCompile>
    <ClCompile Include="src\GameObject\Ball.cpp">
      <Filter>ソース ファイル\GameObject</Filter>
    </ClCompile>
    <ClCompile Include="src\GameObject\Batter\Batter.cpp">
      <Filter>ソース ファイル\GameObject\Batter</Filter>
    </ClCompile>
    <ClCompile Include="src\GameObject\Batter\KamayamaBatter.cpp">
      <Filter>ソース ファイル\GameObject\Batter</Filter>
    </ClCompile>
    <ClCompile Include="src\GameObject\Pitcher\Pitcher.cpp">
      <Filter>ソース ファイル\GameObject\Pitcher</Filter>
    </ClCompile>
    <ClCompile Include="src\GameObject\Pitcher\SasakiPitcher.cpp">
      <Filter>ソース ファイル\GameObject\Pitcher</Filter>
    </ClCompile>
    <ClCompile Include="src\GameObject\Pitcher\TintinPitcher.cpp">
      <Filter>ソース ファイル\GameObject\Pitcher</Filter>
    </ClCompile>
    <ClCompile Include="src\GameState\IGameState.cpp">
      <Filter>ソース ファイル\GameState</Filter>
    </ClCompile>
    <ClCompile Include="src\GameState\TitleScreenState\TitleScreenState.cpp">
      <Filter>ソース ファイル\GameState\TitleScreenState</Filter>
    </ClCompile>
    <ClCompile Include="src\GameState\PlayResultState\CompareNormSubState.cpp">
      <Filter>ソース ファイル\GameState\PlayResultState</Filter>
    </ClCompile>
    <ClCompile Include="src\GameState\PlayResultState\DetailResultSubState.cpp">
      <Filter>ソース ファイル\GameState\PlayResultState</Filter>
    </ClCompile>
    <ClCompile Include="src\GameState\PlayResultState\PlayResultState.cpp">
      <Filter>ソース ファイル\GameState\PlayResultState</Filter>
    </ClCompile>
    <ClCompile Include="src\GameState\StageListState\StageListState.cpp">
      <Filter>ソース ファイル\GameState\StageListState</Filter>
    </ClCompile>
    <ClCompile Include="src\GameState\StatusState\StatusState.cpp">
      <Filter>ソース ファイル\GameState\StatusState</Filter>
    </ClCompile>
    <ClCompile Include="src\PitchType\PitchType.cpp">
      <Filter>ソース ファイル\PitchType</Filter>
    </ClCompile>
    <ClCompile Include="src\PitchType\Straight.cpp">
      <Filter>ソース ファイル\PitchType</Filter>
    </ClCompile>
    <ClCompile Include="src\Stage\SasakiStage.cpp">
      <Filter>ソース ファイル\Stage</Filter>
    </ClCompile>
    <ClCompile Include="src\Stage\Stage.cpp">
      <Filter>ソース ファイル\Stage</Filter>
    </ClCompile>
    <ClCompile Include="src\Stage\TintinStage.cpp">
      <Filter>ソース ファイル\Stage</Filter>
    </ClCompile>
    <ClCompile Include="src\util\HatimituMeter.cpp">
      <Filter>ソース ファイル\util</Filter>
    </ClCompile>
    <ClCompile Include="src\util\Result.cpp">
      <Filter>ソース ファイル\util</Filter>
    </ClCompile>
    <ClCompile Include="src\util\Timer.cpp">
      <Filter>ソース ファイル\util</Filter>
    </ClCompile>
    <ClCompile Include="src\GameState\PlayingState\AfterMeetSubState.cpp">
      <Filter>ソース ファイル\GameState\PlayingState</Filter>
    </ClCompile>
    <ClCompile Include="src\GameState\PlayingState\BallFlyingSubState.cpp">
      <Filter>ソース ファイル\GameState\PlayingState</Filter>
    </ClCompile>
    <ClCompile Include="src\GameState\PlayingState\BattingResultSubState.cpp">
      <Filter>ソース ファイル\GameState\PlayingState</Filter>
    </ClCompile>
    <ClCompile Include="src\GameState\PlayingState\CutIn.cpp">
      <Filter>ソース ファイル\GameState\PlayingState</Filter>
    </ClCompile>
    <ClCompile Include="src\GameState\PlayingState\EndPlayingSubState.cpp">
      <Filter>ソース ファイル\GameState\PlayingState</Filter>
    </ClCompile>
    <ClCompile Include="src\GameState\PlayingState\GameOverState.cpp">
      <Filter>ソース ファイル\GameState\PlayingState</Filter>
    </ClCompile>
    <ClCompile Include="src\GameState\PlayingState\InPitchingSubState.cpp">
      <Filter>ソース ファイル\GameState\PlayingState</Filter>
    </ClCompile>
    <ClCompile Include="src\GameState\PlayingState\PlayingState.cpp">
      <Filter>ソース ファイル\GameState\PlayingState</Filter>
    </ClCompile>
    <ClCompile Include="src\GameState\PlayingState\WaitingPitchingSubState.cpp">
      <Filter>ソース ファイル\GameState\PlayingState</Filter>
    </ClCompile>
    <ClCompile Include="src\PitchType\Slider.cpp">
      <Filter>ソース ファイル\PitchType</Filter>
    </ClCompile>
    <ClCompile Include="src\Stage\OwlStage.cpp">
      <Filter>ソース ファイル\Stage</Filter>
    </ClCompile>
    <ClCompile Include="src\PitchType\OwlBall.cpp">
      <Filter>ソース ファイル\PitchType</Filter>
    </ClCompile>
    <ClCompile Include="src\PitchType\ChangeUp.cpp">
      <Filter>ソース ファイル\PitchType</Filter>
    </ClCompile>
    <ClCompile Include="src\PitchType\AccelBall.cpp">
      <Filter>ソース ファイル\PitchType</Filter>
    </ClCompile>
    <ClCompile Include="src\PitchType\WhiteBall.cpp">
      <Filter>ソース ファイル\PitchType</Filter>
    </ClCompile>
    <ClCompile Include="src\Stage\EeyoreStage.cpp">
      <Filter>ソース ファイル\Stage</Filter>
    </ClCompile>
    <ClCompile Include="src\PitchType\VanishBall.cpp">
      <Filter>ソース ファイル\PitchType</Filter>
    </ClCompile>
  </ItemGroup>
  <ItemGroup>
    <ClInclude Include="include\Game\AudioManager.h">
      <Filter>ヘッダー ファイル</Filter>
    </ClInclude>
    <ClInclude Include="include\Game\Camera.h">
      <Filter>ヘッダー ファイル</Filter>
    </ClInclude>
    <ClInclude Include="include\Game\Game.h">
      <Filter>ヘッダー ファイル</Filter>
    </ClInclude>
    <ClInclude Include="include\Game\InputManager.h">
      <Filter>ヘッダー ファイル</Filter>
    </ClInclude>
    <ClInclude Include="include\Game\VirtualWindow.h">
      <Filter>ヘッダー ファイル</Filter>
    </ClInclude>
    <ClInclude Include="include\Game\Window.h">
      <Filter>ヘッダー ファイル</Filter>
    </ClInclude>
    <ClInclude Include="include\Game\SaveData\SaveData.h">
      <Filter>ヘッダー ファイル</Filter>
    </ClInclude>
    <ClInclude Include="include\Game\SaveData\util.h">
      <Filter>ヘッダー ファイル</Filter>
    </ClInclude>
    <ClInclude Include="include\GameObject\Ball.h">
      <Filter>ヘッダー ファイル</Filter>
    </ClInclude>
    <ClInclude Include="include\GameObject\GameObject.h">
      <Filter>ヘッダー ファイル</Filter>
    </ClInclude>
    <ClInclude Include="include\GameObject\GameObjectManager.h">
      <Filter>ヘッダー ファイル</Filter>
    </ClInclude>
    <ClInclude Include="include\GameObject\HatimituMeterObject.h">
      <Filter>ヘッダー ファイル</Filter>
    </ClInclude>
    <ClInclude Include="include\GameObject\PictureObject.h">
      <Filter>ヘッダー ファイル</Filter>
    </ClInclude>
    <ClInclude Include="include\GameObject\TextObject.h">
      <Filter>ヘッダー ファイル</Filter>
    </ClInclude>
    <ClInclude Include="include\GameObject\ValueMeterObject.h">
      <Filter>ヘッダー ファイル</Filter>
    </ClInclude>
    <ClInclude Include="include\GameObject\Batter\Batter.h">
      <Filter>ヘッダー ファイル</Filter>
    </ClInclude>
    <ClInclude Include="include\GameObject\Batter\KamayamaBatter.h">
      <Filter>ヘッダー ファイル</Filter>
    </ClInclude>
    <ClInclude Include="include\GameObject\Pitcher\Pitcher.h">
      <Filter>ヘッダー ファイル</Filter>
    </ClInclude>
    <ClInclude Include="include\GameObject\Pitcher\SasakiPitcher.h">
      <Filter>ヘッダー ファイル</Filter>
    </ClInclude>
    <ClInclude Include="include\GameObject\Pitcher\TintinPitcher.h">
      <Filter>ヘッダー ファイル</Filter>
    </ClInclude>
    <ClInclude Include="include\GameObject\Stadium\Stadium.h">
      <Filter>ヘッダー ファイル</Filter>
    </ClInclude>
    <ClInclude Include="include\GameObject\Stadium\TheHundredAcreWoodStadium.h">
      <Filter>ヘッダー ファイル</Filter>
    </ClInclude>
    <ClInclude Include="include\GameState\GameState.h">
      <Filter>ヘッダー ファイル</Filter>
    </ClInclude>
    <ClInclude Include="include\GameState\GameSubState.h">
      <Filter>ヘッダー ファイル</Filter>
    </ClInclude>
    <ClInclude Include="include\GameState\IGameState.h">
      <Filter>ヘッダー ファイル</Filter>
    </ClInclude>
    <ClInclude Include="include\GameState\GameOverState\GameOverState.h">
      <Filter>ヘッダー ファイル</Filter>
    </ClInclude>
    <ClInclude Include="include\GameState\PlayingState\AfterMeetSubState.h">
      <Filter>ヘッダー ファイル</Filter>
    </ClInclude>
    <ClInclude Include="include\GameState\PlayingState\BallFlyingSubState.h">
      <Filter>ヘッダー ファイル</Filter>
    </ClInclude>
    <ClInclude Include="include\GameState\PlayingState\BattingResultSubState.h">
      <Filter>ヘッダー ファイル</Filter>
    </ClInclude>
    <ClInclude Include="include\GameState\PlayingState\CutIn.h">
      <Filter>ヘッダー ファイル</Filter>
    </ClInclude>
    <ClInclude Include="include\GameState\PlayingState\EndPlayingSubState.h">
      <Filter>ヘッダー ファイル</Filter>
    </ClInclude>
    <ClInclude Include="include\GameState\PlayingState\InPitchingSubState.h">
      <Filter>ヘッダー ファイル</Filter>
    </ClInclude>
    <ClInclude Include="include\GameState\PlayingState\PlayingState.h">
      <Filter>ヘッダー ファイル</Filter>
    </ClInclude>
    <ClInclude Include="include\GameState\PlayingState\WaitingPitchingSubState.h">
      <Filter>ヘッダー ファイル</Filter>
    </ClInclude>
    <ClInclude Include="include\GameState\PlayResultState\CompareNormSubState.h">
      <Filter>ヘッダー ファイル</Filter>
    </ClInclude>
    <ClInclude Include="include\GameState\PlayResultState\DetailResultSubState.h">
      <Filter>ヘッダー ファイル</Filter>
    </ClInclude>
    <ClInclude Include="include\GameState\PlayResultState\PlayResultState.h">
      <Filter>ヘッダー ファイル</Filter>
    </ClInclude>
    <ClInclude Include="include\GameState\StageListState\StageListState.h">
      <Filter>ヘッダー ファイル</Filter>
    </ClInclude>
    <ClInclude Include="include\GameState\TitleScreenState\TitleScreenState.h">
      <Filter>ヘッダー ファイル</Filter>
    </ClInclude>
    <ClInclude Include="include\PitchType\PitchType.h">
      <Filter>ヘッダー ファイル</Filter>
    </ClInclude>
    <ClInclude Include="include\PitchType\Straight.h">
      <Filter>ヘッダー ファイル</Filter>
    </ClInclude>
    <ClInclude Include="include\Stage\SasakiStage.h">
      <Filter>ヘッダー ファイル</Filter>
    </ClInclude>
    <ClInclude Include="include\Stage\Stage.h">
      <Filter>ヘッダー ファイル</Filter>
    </ClInclude>
    <ClInclude Include="include\Stage\TintinStage.h">
      <Filter>ヘッダー ファイル</Filter>
    </ClInclude>
    <ClInclude Include="include\util\HatimituMeter.h">
      <Filter>ヘッダー ファイル</Filter>
    </ClInclude>
    <ClInclude Include="include\util\Result.h">
      <Filter>ヘッダー ファイル</Filter>
    </ClInclude>
    <ClInclude Include="include\util\Timer.h">
      <Filter>ヘッダー ファイル</Filter>
    </ClInclude>
    <ClInclude Include="include\util\Vector2D.h">
      <Filter>ヘッダー ファイル</Filter>
    </ClInclude>
    <ClInclude Include="include\util\StateMachine\StateBase.h">
      <Filter>ヘッダー ファイル</Filter>
    </ClInclude>
    <ClInclude Include="include\util\StateMachine\StateMachine.h">
      <Filter>ヘッダー ファイル</Filter>
    </ClInclude>
    <ClInclude Include="resource.h">
      <Filter>ヘッダー ファイル</Filter>
    </ClInclude>
    <ClInclude Include="include\Game\Version.h">
      <Filter>ヘッダー ファイル</Filter>
    </ClInclude>
    <ClInclude Include="include\GameState\StageListState\LoadResourceSubState.h">
      <Filter>ヘッダー ファイル</Filter>
    </ClInclude>
    <ClInclude Include="include\GameState\StageListState\ChoiceSubState.h">
      <Filter>ヘッダー ファイル</Filter>
    </ClInclude>
    <ClInclude Include="include\GameState\StatusState\StatusState.h">
      <Filter>ヘッダー ファイル</Filter>
    </ClInclude>
    <ClInclude Include="include\PitchType\Slider.h">
      <Filter>ヘッダー ファイル</Filter>
    </ClInclude>
    <ClInclude Include="include\Stage\OwlStage.h">
      <Filter>ヘッダー ファイル</Filter>
    </ClInclude>
    <ClInclude Include="include\GameObject\Pitcher\OwlPitcher.h">
      <Filter>ヘッダー ファイル</Filter>
    </ClInclude>
    <ClInclude Include="include\PitchType\OwlBall.h">
      <Filter>ヘッダー ファイル</Filter>
    </ClInclude>
    <ClInclude Include="include\PitchType\ChangeUp.h">
      <Filter>ヘッダー ファイル</Filter>
    </ClInclude>
    <ClInclude Include="include\PitchType\AccelBall.h">
      <Filter>ヘッダー ファイル</Filter>
    </ClInclude>
    <ClInclude Include="include\PitchType\WhiteBall.h">
      <Filter>ヘッダー ファイル</Filter>
    </ClInclude>
    <ClInclude Include="include\Stage\EeyoreStage.h">
      <Filter>ヘッダー ファイル</Filter>
    </ClInclude>
    <ClInclude Include="include\GameObject\Pitcher\EeyorePitcher.h">
      <Filter>ヘッダー ファイル</Filter>
    </ClInclude>
    <ClInclude Include="include\GameObject\Pitcher\Kanga&amp;Roo.h">
      <Filter>ヘッダー ファイル</Filter>
    </ClInclude>
    <ClInclude Include="include\GameObject\Pitcher\Lumpy.h">
      <Filter>ヘッダー ファイル</Filter>
    </ClInclude>
    <ClInclude Include="include\GameObject\Pitcher\Piglet.h">
      <Filter>ヘッダー ファイル</Filter>
    </ClInclude>
    <ClInclude Include="include\GameObject\Pitcher\Rabbit.h">
      <Filter>ヘッダー ファイル</Filter>
    </ClInclude>
    <ClInclude Include="include\GameObject\Pitcher\Tigger.h">
      <Filter>ヘッダー ファイル</Filter>
    </ClInclude>
    <ClInclude Include="include\Stage\Kanga&amp;RooStage.h">
      <Filter>ヘッダー ファイル</Filter>
    </ClInclude>
    <ClInclude Include="include\Stage\LumpyStage.h">
      <Filter>ヘッダー ファイル</Filter>
    </ClInclude>
    <ClInclude Include="include\Stage\PigletStage.h">
      <Filter>ヘッダー ファイル</Filter>
    </ClInclude>
    <ClInclude Include="include\Stage\RabbitStage.h">
      <Filter>ヘッダー ファイル</Filter>
    </ClInclude>
    <ClInclude Include="include\Stage\TiggerStage.h">
      <Filter>ヘッダー ファイル</Filter>
    </ClInclude>
    <ClInclude Include="include\GameObject\Pitcher\Robin.h">
      <Filter>ヘッダー ファイル</Filter>
    </ClInclude>
    <ClInclude Include="include\Stage\RobinStage.h">
      <Filter>ヘッダー ファイル</Filter>
    </ClInclude>
  </ItemGroup>
  <ItemGroup>
    <ResourceCompile Include="KamayamaGame.rc" />
  </ItemGroup>
</Project>