<?xml version="1.0" encoding="utf-8"?>
<Project ToolsVersion="4.0" xmlns="http://schemas.microsoft.com/developer/msbuild/2003">
  <ItemGroup>
    <Filter Include="ソース ファイル">
      <UniqueIdentifier>{4FC737F1-C7A5-4376-A066-2A32D752A2FF}</UniqueIdentifier>
      <Extensions>cpp;c;cc;cxx;c++;cppm;ixx;def;odl;idl;hpj;bat;asm;asmx</Extensions>
    </Filter>
    <Filter Include="ヘッダー ファイル">
      <UniqueIdentifier>{93995380-89BD-4b04-88EB-625FBE52EBFB}</UniqueIdentifier>
      <Extensions>h;hh;hpp;hxx;h++;hm;inl;inc;ipp;xsd</Extensions>
    </Filter>
    <Filter Include="リソース ファイル">
      <UniqueIdentifier>{67DA6AB6-F800-4c08-8B7A-83BB121AAD01}</UniqueIdentifier>
      <Extensions>rc;ico;cur;bmp;dlg;rc2;rct;bin;rgs;gif;jpg;jpeg;jpe;resx;tiff;tif;png;wav;mfcribbon-ms</Extensions>
    </Filter>
  </ItemGroup>
  <ItemGroup>
    <Image Include="assets\batHitBox.bmp">
      <Filter>リソース ファイル</Filter>
    </Image>
    <Image Include="assets\kamayama.bmp">
      <Filter>リソース ファイル</Filter>
    </Image>
    <Image Include="assets\Stage1.bmp">
      <Filter>リソース ファイル</Filter>
    </Image>
    <Image Include="assets\Stage2.bmp">
      <Filter>リソース ファイル</Filter>
    </Image>
    <Image Include="assets\tintin選択.bmp">
      <Filter>リソース ファイル</Filter>
    </Image>
    <Image Include="assets\おわる.bmp">
      <Filter>リソース ファイル</Filter>
    </Image>
    <Image Include="assets\おわるpointed.bmp">
      <Filter>リソース ファイル</Filter>
    </Image>
    <Image Include="assets\ガチャ.bmp">
      <Filter>リソース ファイル</Filter>
    </Image>
    <Image Include="assets\ガチャpointed.bmp">
      <Filter>リソース ファイル</Filter>
    </Image>
    <Image Include="assets\クマの釜山.bmp">
      <Filter>リソース ファイル</Filter>
    </Image>
    <Image Include="assets\クリア.bmp">
      <Filter>リソース ファイル</Filter>
    </Image>
    <Image Include="assets\ゲーム終了.bmp">
      <Filter>リソース ファイル</Filter>
    </Image>
    <Image Include="assets\しっぱい.bmp">
      <Filter>リソース ファイル</Filter>
    </Image>
    <Image Include="assets\ステージセレクト.bmp">
      <Filter>リソース ファイル</Filter>
    </Image>
    <Image Include="assets\ステージ選択へ.bmp">
      <Filter>リソース ファイル</Filter>
    </Image>
    <Image Include="assets\ステータス.bmp">
      <Filter>リソース ファイル</Filter>
    </Image>
    <Image Include="assets\ステータスpointed.bmp">
      <Filter>リソース ファイル</Filter>
    </Image>
    <Image Include="assets\タイトルヘ.bmp">
      <Filter>リソース ファイル</Filter>
    </Image>
    <Image Include="assets\タイトル画面2.bmp">
      <Filter>リソース ファイル</Filter>
    </Image>
    <Image Include="assets\チート.bmp">
      <Filter>リソース ファイル</Filter>
    </Image>
    <Image Include="assets\はじめる.bmp">
      <Filter>リソース ファイル</Filter>
    </Image>
    <Image Include="assets\はじめるpointed.bmp">
      <Filter>リソース ファイル</Filter>
    </Image>
    <Image Include="assets\はちみつ.bmp">
      <Filter>リソース ファイル</Filter>
    </Image>
    <Image Include="assets\フィールド.bmp">
      <Filter>リソース ファイル</Filter>
    </Image>
    <Image Include="assets\フィールド00.bmp">
      <Filter>リソース ファイル</Filter>
    </Image>
    <Image Include="assets\フィールド01.bmp">
      <Filter>リソース ファイル</Filter>
    </Image>
    <Image Include="assets\フィールド02.bmp">
      <Filter>リソース ファイル</Filter>
    </Image>
    <Image Include="assets\フィールド10.bmp">
      <Filter>リソース ファイル</Filter>
    </Image>
    <Image Include="assets\フィールド-10.bmp">
      <Filter>リソース ファイル</Filter>
    </Image>
    <Image Include="assets\フィールド11.bmp">
      <Filter>リソース ファイル</Filter>
    </Image>
    <Image Include="assets\フィールド-11.bmp">
      <Filter>リソース ファイル</Filter>
    </Image>
    <Image Include="assets\フィールド12.bmp">
      <Filter>リソース ファイル</Filter>
    </Image>
    <Image Include="assets\フィールド-12.bmp">
      <Filter>リソース ファイル</Filter>
    </Image>
    <Image Include="assets\ボール.bmp">
      <Filter>リソース ファイル</Filter>
    </Image>
    <Image Include="assets\ボールの影.bmp">
      <Filter>リソース ファイル</Filter>
    </Image>
    <Image Include="assets\結果発表.bmp">
      <Filter>リソース ファイル</Filter>
    </Image>
    <Image Include="assets\結果発表2.bmp">
      <Filter>リソース ファイル</Filter>
    </Image>
    <Image Include="assets\佐々木朗希.bmp">
      <Filter>リソース ファイル</Filter>
    </Image>
    <Image Include="assets\次へ.bmp">
      <Filter>リソース ファイル</Filter>
    </Image>
    <Image Include="assets\草原背景.bmp">
      <Filter>リソース ファイル</Filter>
    </Image>
    <Image Include="assets\打者.bmp">
      <Filter>リソース ファイル</Filter>
    </Image>
    <Image Include="assets\投手.bmp">
      <Filter>リソース ファイル</Filter>
    </Image>
    <Image Include="assets\投手スプライトシート.bmp">
      <Filter>リソース ファイル</Filter>
    </Image>
    <Image Include="assets\アイコン.ico">
      <Filter>リソース ファイル</Filter>
    </Image>
    <Image Include="assets\システムアイコン.ico">
      <Filter>リソース ファイル</Filter>
    </Image>
    <Image Include="assets\釜山カットイン.bmp">
      <Filter>リソース ファイル</Filter>
    </Image>
    <Image Include="assets\絶対に負けない.bmp">
      <Filter>リソース ファイル</Filter>
    </Image>
    <Image Include="assets\アプリアイコン.ico">
      <Filter>リソース ファイル</Filter>
    </Image>
    <Image Include="assets\ステータスガメン.bmp">
      <Filter>リソース ファイル</Filter>
    </Image>
    <Image Include="assets\DOWN.bmp">
      <Filter>リソース ファイル</Filter>
    </Image>
    <Image Include="assets\tairoruhe.bmp">
      <Filter>リソース ファイル</Filter>
    </Image>
    <Image Include="assets\UP.bmp">
      <Filter>リソース ファイル</Filter>
    </Image>
    <Image Include="assets\変更.bmp">
      <Filter>リソース ファイル</Filter>
    </Image>
    <Image Include="assets\決定.bmp">
      <Filter>リソース ファイル</Filter>
    </Image>
  </ItemGroup>
  <ItemGroup>
    <None Include="assets\カーソル.cur">
      <Filter>リソース ファイル</Filter>
    </None>
  </ItemGroup>
  <ItemGroup>
    <Media Include="assets\bgm1.wav">
      <Filter>リソース ファイル</Filter>
    </Media>
    <Media Include="assets\ジャストミート.wav">
      <Filter>リソース ファイル</Filter>
    </Media>
    <Media Include="assets\baseballLegend.wav">
      <Filter>リソース ファイル</Filter>
    </Media>
  </ItemGroup>
  <ItemGroup>
    <ClCompile Include="src\AfterMeetSubState.cpp">
      <Filter>ソース ファイル</Filter>
    </ClCompile>
    <ClCompile Include="src\Ball.cpp">
      <Filter>ソース ファイル</Filter>
    </ClCompile>
    <ClCompile Include="src\BallFlyingSubState.cpp">
      <Filter>ソース ファイル</Filter>
    </ClCompile>
    <ClCompile Include="src\Batter.cpp">
      <Filter>ソース ファイル</Filter>
    </ClCompile>
    <ClCompile Include="src\BattingResultSubState.cpp">
      <Filter>ソース ファイル</Filter>
    </ClCompile>
    <ClCompile Include="src\Camera.cpp">
      <Filter>ソース ファイル</Filter>
    </ClCompile>
    <ClCompile Include="src\CompareNormSubState.cpp">
      <Filter>ソース ファイル</Filter>
    </ClCompile>
    <ClCompile Include="src\CutIn.cpp">
      <Filter>ソース ファイル</Filter>
    </ClCompile>
    <ClCompile Include="src\DetailResultSubState.cpp">
      <Filter>ソース ファイル</Filter>
    </ClCompile>
    <ClCompile Include="src\EndPlayingSubState.cpp">
      <Filter>ソース ファイル</Filter>
    </ClCompile>
    <ClCompile Include="src\Game.cpp">
      <Filter>ソース ファイル</Filter>
    </ClCompile>
    <ClCompile Include="src\GameObject.cpp">
      <Filter>ソース ファイル</Filter>
    </ClCompile>
    <ClCompile Include="src\GameObjectManager.cpp">
      <Filter>ソース ファイル</Filter>
    </ClCompile>
    <ClCompile Include="src\GameOverState.cpp">
      <Filter>ソース ファイル</Filter>
    </ClCompile>
    <ClCompile Include="src\HatimituMeter.cpp">
      <Filter>ソース ファイル</Filter>
    </ClCompile>
    <ClCompile Include="src\HatimituMeterObject.cpp">
      <Filter>ソース ファイル</Filter>
    </ClCompile>
    <ClCompile Include="src\IGameState.cpp">
      <Filter>ソース ファイル</Filter>
    </ClCompile>
    <ClCompile Include="src\InPitchingSubState.cpp">
      <Filter>ソース ファイル</Filter>
    </ClCompile>
    <ClCompile Include="src\InputManager.cpp">
      <Filter>ソース ファイル</Filter>
    </ClCompile>
    <ClCompile Include="src\KamayamaBatter.cpp">
      <Filter>ソース ファイル</Filter>
    </ClCompile>
    <ClCompile Include="src\main.cpp">
      <Filter>ソース ファイル</Filter>
    </ClCompile>
    <ClCompile Include="src\PictureObject.cpp">
      <Filter>ソース ファイル</Filter>
    </ClCompile>
    <ClCompile Include="src\Pitcher.cpp">
      <Filter>ソース ファイル</Filter>
    </ClCompile>
    <ClCompile Include="src\PitchType.cpp">
      <Filter>ソース ファイル</Filter>
    </ClCompile>
    <ClCompile Include="src\PlayingState.cpp">
      <Filter>ソース ファイル</Filter>
    </ClCompile>
    <ClCompile Include="src\PlayResultState.cpp">
      <Filter>ソース ファイル</Filter>
    </ClCompile>
    <ClCompile Include="src\Result.cpp">
      <Filter>ソース ファイル</Filter>
    </ClCompile>
    <ClCompile Include="src\SasakiPitcher.cpp">
      <Filter>ソース ファイル</Filter>
    </ClCompile>
    <ClCompile Include="src\SasakiStage.cpp">
      <Filter>ソース ファイル</Filter>
    </ClCompile>
    <ClCompile Include="src\Stage.cpp">
      <Filter>ソース ファイル</Filter>
    </ClCompile>
    <ClCompile Include="src\StageListState.cpp">
      <Filter>ソース ファイル</Filter>
    </ClCompile>
    <ClCompile Include="src\StatusState.cpp">
      <Filter>ソース ファイル</Filter>
    </ClCompile>
    <ClCompile Include="src\Straight.cpp">
      <Filter>ソース ファイル</Filter>
    </ClCompile>
    <ClCompile Include="src\TextObject.cpp">
      <Filter>ソース ファイル</Filter>
    </ClCompile>
    <ClCompile Include="src\TheHundredAcreWoodStadium.cpp">
      <Filter>ソース ファイル</Filter>
    </ClCompile>
    <ClCompile Include="src\Timer.cpp">
      <Filter>ソース ファイル</Filter>
    </ClCompile>
    <ClCompile Include="src\TintinPitcher.cpp">
      <Filter>ソース ファイル</Filter>
    </ClCompile>
    <ClCompile Include="src\TintinStage.cpp">
      <Filter>ソース ファイル</Filter>
    </ClCompile>
    <ClCompile Include="src\TitleScreenState.cpp">
      <Filter>ソース ファイル</Filter>
    </ClCompile>
    <ClCompile Include="src\ValueMeterObject.cpp">
      <Filter>ソース ファイル</Filter>
    </ClCompile>
    <ClCompile Include="src\WaitingPitchingSubState.cpp">
      <Filter>ソース ファイル</Filter>
    </ClCompile>
    <ClCompile Include="src\Window.cpp">
      <Filter>ソース ファイル</Filter>
    </ClCompile>
    <ClCompile Include="include\Game\AudioManager.cpp">
      <Filter>ヘッダー ファイル</Filter>
    </ClCompile>
  </ItemGroup>
  <ItemGroup>
    <ClInclude Include="include\Game\AudioManager.h">
      <Filter>ヘッダー ファイル</Filter>
    </ClInclude>
    <ClInclude Include="include\Game\Camera.h">
      <Filter>ヘッダー ファイル</Filter>
    </ClInclude>
    <ClInclude Include="include\Game\Game.h">
      <Filter>ヘッダー ファイル</Filter>
    </ClInclude>
    <ClInclude Include="include\Game\InputManager.h">
      <Filter>ヘッダー ファイル</Filter>
    </ClInclude>
    <ClInclude Include="include\Game\VirtualWindow.h">
      <Filter>ヘッダー ファイル</Filter>
    </ClInclude>
    <ClInclude Include="include\Game\Window.h">
      <Filter>ヘッダー ファイル</Filter>
    </ClInclude>
    <ClInclude Include="include\Game\SaveData\SaveData.h">
      <Filter>ヘッダー ファイル</Filter>
    </ClInclude>
    <ClInclude Include="include\Game\SaveData\util.h">
      <Filter>ヘッダー ファイル</Filter>
    </ClInclude>
    <ClInclude Include="include\GameObject\Ball.h">
      <Filter>ヘッダー ファイル</Filter>
    </ClInclude>
    <ClInclude Include="include\GameObject\GameObject.h">
      <Filter>ヘッダー ファイル</Filter>
    </ClInclude>
    <ClInclude Include="include\GameObject\GameObjectManager.h">
      <Filter>ヘッダー ファイル</Filter>
    </ClInclude>
    <ClInclude Include="include\GameObject\HatimituMeterObject.h">
      <Filter>ヘッダー ファイル</Filter>
    </ClInclude>
    <ClInclude Include="include\GameObject\PictureObject.h">
      <Filter>ヘッダー ファイル</Filter>
    </ClInclude>
    <ClInclude Include="include\GameObject\TextObject.h">
      <Filter>ヘッダー ファイル</Filter>
    </ClInclude>
    <ClInclude Include="include\GameObject\ValueMeterObject.h">
      <Filter>ヘッダー ファイル</Filter>
    </ClInclude>
    <ClInclude Include="include\GameObject\Batter\Batter.h">
      <Filter>ヘッダー ファイル</Filter>
    </ClInclude>
    <ClInclude Include="include\GameObject\Batter\KamayamaBatter.h">
      <Filter>ヘッダー ファイル</Filter>
    </ClInclude>
    <ClInclude Include="include\GameObject\Pitcher\Pitcher.h">
      <Filter>ヘッダー ファイル</Filter>
    </ClInclude>
    <ClInclude Include="include\GameObject\Pitcher\SasakiPitcher.h">
      <Filter>ヘッダー ファイル</Filter>
    </ClInclude>
    <ClInclude Include="include\GameObject\Pitcher\TintinPitcher.h">
      <Filter>ヘッダー ファイル</Filter>
    </ClInclude>
    <ClInclude Include="include\GameObject\Stadium\Stadium.h">
      <Filter>ヘッダー ファイル</Filter>
    </ClInclude>
    <ClInclude Include="include\GameObject\Stadium\TheHundredAcreWoodStadium.h">
      <Filter>ヘッダー ファイル</Filter>
    </ClInclude>
    <ClInclude Include="include\GameState\GameState.h">
      <Filter>ヘッダー ファイル</Filter>
    </ClInclude>
    <ClInclude Include="include\GameState\GameSubState.h">
      <Filter>ヘッダー ファイル</Filter>
    </ClInclude>
    <ClInclude Include="include\GameState\IGameState.h">
      <Filter>ヘッダー ファイル</Filter>
    </ClInclude>
    <ClInclude Include="include\GameState\GameOverState\GameOverState.h">
      <Filter>ヘッダー ファイル</Filter>
    </ClInclude>
    <ClInclude Include="include\GameState\PlayingState\AfterMeetSubState.h">
      <Filter>ヘッダー ファイル</Filter>
    </ClInclude>
    <ClInclude Include="include\GameState\PlayingState\BallFlyingSubState.h">
      <Filter>ヘッダー ファイル</Filter>
    </ClInclude>
    <ClInclude Include="include\GameState\PlayingState\BattingResultSubState.h">
      <Filter>ヘッダー ファイル</Filter>
    </ClInclude>
    <ClInclude Include="include\GameState\PlayingState\CutIn.h">
      <Filter>ヘッダー ファイル</Filter>
    </ClInclude>
    <ClInclude Include="include\GameState\PlayingState\EndPlayingSubState.h">
      <Filter>ヘッダー ファイル</Filter>
    </ClInclude>
    <ClInclude Include="include\GameState\PlayingState\InPitchingSubState.h">
      <Filter>ヘッダー ファイル</Filter>
    </ClInclude>
    <ClInclude Include="include\GameState\PlayingState\PlayingState.h">
      <Filter>ヘッダー ファイル</Filter>
    </ClInclude>
    <ClInclude Include="include\GameState\PlayingState\WaitingPitchingSubState.h">
      <Filter>ヘッダー ファイル</Filter>
    </ClInclude>
    <ClInclude Include="include\GameState\PlayResultState\CompareNormSubState.h">
      <Filter>ヘッダー ファイル</Filter>
    </ClInclude>
    <ClInclude Include="include\GameState\PlayResultState\DetailResultSubState.h">
      <Filter>ヘッダー ファイル</Filter>
    </ClInclude>
    <ClInclude Include="include\GameState\PlayResultState\PlayResultState.h">
      <Filter>ヘッダー ファイル</Filter>
    </ClInclude>
    <ClInclude Include="include\GameState\StageListState\StageListState.h">
      <Filter>ヘッダー ファイル</Filter>
    </ClInclude>
    <ClInclude Include="include\GameState\StatusState\StatusState.h">
      <Filter>ヘッダー ファイル</Filter>
    </ClInclude>
    <ClInclude Include="include\GameState\TitleScreenState\TitleScreenState.h">
      <Filter>ヘッダー ファイル</Filter>
    </ClInclude>
    <ClInclude Include="include\PitchType\PitchType.h">
      <Filter>ヘッダー ファイル</Filter>
    </ClInclude>
    <ClInclude Include="include\PitchType\Straight.h">
      <Filter>ヘッダー ファイル</Filter>
    </ClInclude>
    <ClInclude Include="include\Stage\SasakiStage.h">
      <Filter>ヘッダー ファイル</Filter>
    </ClInclude>
    <ClInclude Include="include\Stage\Stage.h">
      <Filter>ヘッダー ファイル</Filter>
    </ClInclude>
    <ClInclude Include="include\Stage\TintinStage.h">
      <Filter>ヘッダー ファイル</Filter>
    </ClInclude>
    <ClInclude Include="include\util\HatimituMeter.h">
      <Filter>ヘッダー ファイル</Filter>
    </ClInclude>
    <ClInclude Include="include\util\Result.h">
      <Filter>ヘッダー ファイル</Filter>
    </ClInclude>
    <ClInclude Include="include\util\Timer.h">
      <Filter>ヘッダー ファイル</Filter>
    </ClInclude>
    <ClInclude Include="include\util\Vector2D.h">
      <Filter>ヘッダー ファイル</Filter>
    </ClInclude>
    <ClInclude Include="include\util\StateMachine\StateBase.h">
      <Filter>ヘッダー ファイル</Filter>
    </ClInclude>
    <ClInclude Include="include\util\StateMachine\StateMachine.h">
      <Filter>ヘッダー ファイル</Filter>
    </ClInclude>
    <ClInclude Include="resource.h">
      <Filter>ヘッダー ファイル</Filter>
    </ClInclude>
    <ClInclude Include="include\Game\Version.h">
      <Filter>ヘッダー ファイル</Filter>
    </ClInclude>
  </ItemGroup>
  <ItemGroup>
    <ResourceCompile Include="KamayamaGame.rc" />
  </ItemGroup>
</Project>